
Microsoft Visual Studio Solution File, Format Version 12.00
# Visual Studio Version 17
VisualStudioVersion = 17.4.33205.214
MinimumVisualStudioVersion = 10.0.40219.1
Project("{FAE04EC0-301F-11D3-BF4B-00C04F79EFBC}") = "produtos teste", "produtos teste.csproj", "{80A470BA-8E65-438C-B478-9202A1C37C4C}"
EndProject
Global
	GlobalSection(SolutionConfigurationPlatforms) = preSolution
		Debug|Any CPU = Debug|Any CPU
		Release|Any CPU = Release|Any CPU
	EndGlobalSection
	GlobalSection(ProjectConfigurationPlatforms) = postSolution
		{80A470BA-8E65-438C-B478-9202A1C37C4C}.Debug|Any CPU.ActiveCfg = Debug|Any CPU
		{80A470BA-8E65-438C-B478-9202A1C37C4C}.Debug|Any CPU.Build.0 = Debug|Any CPU
		{80A470BA-8E65-438C-B478-9202A1C37C4C}.Release|Any CPU.ActiveCfg = Release|Any CPU
		{80A470BA-8E65-438C-B478-9202A1C37C4C}.Release|Any CPU.Build.0 = Release|Any CPU
	EndGlobalSection
	GlobalSection(SolutionProperties) = preSolution
		HideSolutionNode = FALSE
	EndGlobalSection
	GlobalSection(ExtensibilityGlobals) = postSolution
		SolutionGuid = {1EBB7D9E-F438-45FE-8B78-4B7AFDFAC052}
	EndGlobalSection
EndGlobal
